
Microsoft Visual Studio Solution File, Format Version 12.00
# Visual Studio 15
VisualStudioVersion = 15.0.34526.175
MinimumVisualStudioVersion = 10.0.40219.1
Project("{FAE04EC0-301F-11D3-BF4B-00C04F79EFBC}") = "shop online", "shop online\shop online.csproj", "{0FCB2120-AF2E-46D8-9664-BC9C7CE0F2D8}"
EndProject
Global
	GlobalSection(SolutionConfigurationPlatforms) = preSolution
		Debug|Any CPU = Debug|Any CPU
		Release|Any CPU = Release|Any CPU
	EndGlobalSection
	GlobalSection(ProjectConfigurationPlatforms) = postSolution
		{0FCB2120-AF2E-46D8-9664-BC9C7CE0F2D8}.Debug|Any CPU.ActiveCfg = Debug|Any CPU
		{0FCB2120-AF2E-46D8-9664-BC9C7CE0F2D8}.Debug|Any CPU.Build.0 = Debug|Any CPU
		{0FCB2120-AF2E-46D8-9664-BC9C7CE0F2D8}.Release|Any CPU.ActiveCfg = Release|Any CPU
		{0FCB2120-AF2E-46D8-9664-BC9C7CE0F2D8}.Release|Any CPU.Build.0 = Release|Any CPU
	EndGlobalSection
	GlobalSection(SolutionProperties) = preSolution
		HideSolutionNode = FALSE
	EndGlobalSection
	GlobalSection(ExtensibilityGlobals) = postSolution
		SolutionGuid = {AC765F1C-AE43-4CA3-8806-E7E71C1A775F}
	EndGlobalSection
EndGlobal
